
Microsoft Visual Studio Solution File, Format Version 12.00
# Visual Studio Version 16
VisualStudioVersion = 16.0.30503.244
MinimumVisualStudioVersion = 10.0.40219.1
Project("{FAE04EC0-301F-11D3-BF4B-00C04F79EFBC}") = "SPADE", "SPADE.csproj", "{07FA3E71-4CBE-4A3A-A1EB-A84BBD5D1785}"
EndProject
Project("{2150E333-8FDC-42A3-9474-1A3956D46DE8}") = "Solution Items", "Solution Items", "{9B9AA46C-D74D-4918-9D35-2C87D8837F75}"
	ProjectSection(SolutionItems) = preProject
		.editorconfig = .editorconfig
	EndProjectSection
EndProject
Project("{9A19103F-16F7-4668-BE54-9A1E7A4F7556}") = "RimWorld", "..\..\..\..\Source\RimWorld.csproj", "{36430428-9D40-47A1-AC78-D6BBD8DA047B}"
EndProject
Global
	GlobalSection(SolutionConfigurationPlatforms) = preSolution
		Debug|Any CPU = Debug|Any CPU
		Release|Any CPU = Release|Any CPU
	EndGlobalSection
	GlobalSection(ProjectConfigurationPlatforms) = postSolution
		{07FA3E71-4CBE-4A3A-A1EB-A84BBD5D1785}.Debug|Any CPU.ActiveCfg = Debug|Any CPU
		{07FA3E71-4CBE-4A3A-A1EB-A84BBD5D1785}.Debug|Any CPU.Build.0 = Debug|Any CPU
		{07FA3E71-4CBE-4A3A-A1EB-A84BBD5D1785}.Release|Any CPU.ActiveCfg = Release|Any CPU
		{07FA3E71-4CBE-4A3A-A1EB-A84BBD5D1785}.Release|Any CPU.Build.0 = Release|Any CPU
		{36430428-9D40-47A1-AC78-D6BBD8DA047B}.Debug|Any CPU.ActiveCfg = Debug|Any CPU
		{36430428-9D40-47A1-AC78-D6BBD8DA047B}.Release|Any CPU.ActiveCfg = Release|Any CPU
		{36430428-9D40-47A1-AC78-D6BBD8DA047B}.Release|Any CPU.Build.0 = Release|Any CPU
	EndGlobalSection
	GlobalSection(SolutionProperties) = preSolution
		HideSolutionNode = FALSE
	EndGlobalSection
	GlobalSection(ExtensibilityGlobals) = postSolution
		SolutionGuid = {0C8E74CA-CBD1-4328-8622-ABDEFB562243}
	EndGlobalSection
EndGlobal
